
Microsoft Visual Studio Solution File, Format Version 12.00
# Visual Studio Version 17
VisualStudioVersion = 17.9.34902.65
MinimumVisualStudioVersion = 10.0.40219.1
Project("{FAE04EC0-301F-11D3-BF4B-00C04F79EFBC}") = "lab 13.3", "lab 13.3\lab 13.3.csproj", "{6455282C-33BA-40C1-9E01-BF83E9EB200C}"
EndProject
Global
	GlobalSection(SolutionConfigurationPlatforms) = preSolution
		Debug|Any CPU = Debug|Any CPU
		Release|Any CPU = Release|Any CPU
	EndGlobalSection
	GlobalSection(ProjectConfigurationPlatforms) = postSolution
		{6455282C-33BA-40C1-9E01-BF83E9EB200C}.Debug|Any CPU.ActiveCfg = Debug|Any CPU
		{6455282C-33BA-40C1-9E01-BF83E9EB200C}.Debug|Any CPU.Build.0 = Debug|Any CPU
		{6455282C-33BA-40C1-9E01-BF83E9EB200C}.Release|Any CPU.ActiveCfg = Release|Any CPU
		{6455282C-33BA-40C1-9E01-BF83E9EB200C}.Release|Any CPU.Build.0 = Release|Any CPU
	EndGlobalSection
	GlobalSection(SolutionProperties) = preSolution
		HideSolutionNode = FALSE
	EndGlobalSection
	GlobalSection(ExtensibilityGlobals) = postSolution
		SolutionGuid = {E4295717-5139-4E75-8F70-DE44EE1C599B}
	EndGlobalSection
EndGlobal
